Microsoft Visual Studio Solution File, Format Version 11.00
# Visual Studio 2008

Project("{D5C51F48-2E90-0962-0C48-C582ADE8367C}") = "DueDate Rush", "Assembly-CSharp.csproj", "{2F6348E6-2FC2-6CE1-0A0C-6E1660F881C1}"
EndProject
Global
	GlobalSection(SolutionConfigurationPlatforms) = preSolution
		Debug|Any CPU = Debug|Any CPU
		Release|Any CPU = Release|Any CPU
	EndGlobalSection
	GlobalSection(ProjectConfigurationPlatforms) = postSolution
		{2F6348E6-2FC2-6CE1-0A0C-6E1660F881C1}.Debug|Any CPU.ActiveCfg = Debug|Any CPU
		{2F6348E6-2FC2-6CE1-0A0C-6E1660F881C1}.Debug|Any CPU.Build.0 = Debug|Any CPU
		{2F6348E6-2FC2-6CE1-0A0C-6E1660F881C1}.Release|Any CPU.ActiveCfg = Release|Any CPU
		{2F6348E6-2FC2-6CE1-0A0C-6E1660F881C1}.Release|Any CPU.Build.0 = Release|Any CPU
	EndGlobalSection
	GlobalSection(SolutionProperties) = preSolution
		HideSolutionNode = FALSE
	EndGlobalSection
																															GlobalSection(MonoDevelopProperties) = preSolution
		StartupItem = Assembly-CSharp.csproj
		Policies = $0
		$0.TextStylePolicy = $1
		$1.inheritsSet = null
		$1.scope = text/x-csharp
		$0.CSharpFormattingPolicy = $2
		$2.inheritsSet = Mono
		$2.inheritsScope = text/x-csharp
		$2.scope = text/x-csharp
		$0.TextStylePolicy = $3
		$3.FileWidth = 120
		$3.TabWidth = 4
		$3.IndentWidth = 4
		$3.EolMarker = Unix
		$3.inheritsSet = Mono
		$3.inheritsScope = text/plain
		$3.scope = text/plain
	EndGlobalSection

EndGlobal
